
Microsoft Visual Studio Solution File, Format Version 12.00
# Visual Studio Version 17
VisualStudioVersion = 17.0.31912.275
MinimumVisualStudioVersion = 10.0.40219.1
Project("{FAE04EC0-301F-11D3-BF4B-00C04F79EFBC}") = "GRE-PortfolioAPI", "GRE-PortfolioAPI\GRE-PortfolioAPI.csproj", "{BA6724A3-1CF9-4C1F-829A-789071447483}"
EndProject
Global
	GlobalSection(SolutionConfigurationPlatforms) = preSolution
		Debug|Any CPU = Debug|Any CPU
		Release|Any CPU = Release|Any CPU
	EndGlobalSection
	GlobalSection(ProjectConfigurationPlatforms) = postSolution
		{BA6724A3-1CF9-4C1F-829A-789071447483}.Debug|Any CPU.ActiveCfg = Debug|Any CPU
		{BA6724A3-1CF9-4C1F-829A-789071447483}.Debug|Any CPU.Build.0 = Debug|Any CPU
		{BA6724A3-1CF9-4C1F-829A-789071447483}.Release|Any CPU.ActiveCfg = Release|Any CPU
		{BA6724A3-1CF9-4C1F-829A-789071447483}.Release|Any CPU.Build.0 = Release|Any CPU
	EndGlobalSection
	GlobalSection(SolutionProperties) = preSolution
		HideSolutionNode = FALSE
	EndGlobalSection
	GlobalSection(ExtensibilityGlobals) = postSolution
		SolutionGuid = {0B66795D-011A-4254-BCF5-6C126AFDD568}
	EndGlobalSection
EndGlobal
